# This file is autogenerated, do not edit; changes may be undone by the next 'dep ensure'.


[[projects]]
  digest = "1:ef1b2af8fcafd64e140fa2cd08707542eed99da6422f84bce751b24ea5333d39"
  name = "github.com/bitrise-io/depman"
  packages = ["pathutil"]
  pruneopts = "UT"
  revision = "4c59bc31f02a2ae78ce5d8d96a006289cd3e6beb"

[[projects]]
  digest = "1:a804570e4a7040dd39af806a4f70961aaf1191d6a8fbba3aae9fa1c54c2412f1"
  name = "github.com/bitrise-io/go-utils"
  packages = [
    "colorstring",
    "fileutil",
    "log",
    "pathutil",
  ]
  pruneopts = "UT"
  revision = "c8163959178ae89a3829ce02e485eef6b2befd22"

[[projects]]
  digest = "1:cc1b50883b88946e0728f61319f5e49553d3c9a262178556775ecc2a058fdfb6"
  name = "github.com/bitrise-steplib/steps-authenticate-host-with-netrc"
  packages = ["netrcutil"]
  pruneopts = "UT"
  revision = "8d2b815fa92df234f854fb09b8eeeb43357a2ca4"
  version = "0.9.0"

[solve-meta]
  analyzer-name = "dep"
  analyzer-version = 1
  input-imports = [
    "github.com/bitrise-io/depman/pathutil",
    "github.com/bitrise-io/go-utils/fileutil",
    "github.com/bitrise-io/go-utils/log",
    "github.com/bitrise-steplib/steps-authenticate-host-with-netrc/netrcutil",
  ]
  solver-name = "gps-cdcl"
  solver-version = 1
